Microsoft Visual Studio Solution File, Format Version 10.00
# Visual Studio 2008
Project("{F184B08F-C81C-45F6-A57F-5ABD9991F28F}") = "FilterNodeExample", "FilterNodeExample\FilterNodeExample.vbproj", "{D6003565-1AF9-471A-B357-36A52B2AEC53}"
EndProject
Global
	GlobalSection(SolutionConfigurationPlatforms) = preSolution
		Debug|Any CPU = Debug|Any CPU
		Release|Any CPU = Release|Any CPU
	EndGlobalSection
	GlobalSection(ProjectConfigurationPlatforms) = postSolution
		{D6003565-1AF9-471A-B357-36A52B2AEC53}.Debug|Any CPU.ActiveCfg = Debug|Any CPU
		{D6003565-1AF9-471A-B357-36A52B2AEC53}.Debug|Any CPU.Build.0 = Debug|Any CPU
		{D6003565-1AF9-471A-B357-36A52B2AEC53}.Release|Any CPU.ActiveCfg = Release|Any CPU
		{D6003565-1AF9-471A-B357-36A52B2AEC53}.Release|Any CPU.Build.0 = Release|Any CPU
	EndGlobalSection
	GlobalSection(SolutionProperties) = preSolution
		HideSolutionNode = FALSE
	EndGlobalSection
EndGlobal
